
Microsoft Visual Studio Solution File, Format Version 12.00
# Visual Studio Version 17
VisualStudioVersion = 17.3.32929.385
MinimumVisualStudioVersion = 10.0.40219.1
Project("{FAE04EC0-301F-11D3-BF4B-00C04F79EFBC}") = "FirstSupply Scraper", "FirstSupply Scraper\FirstSupply Scraper.csproj", "{C7A2EC6F-69D8-4289-8F83-CFE5ED4BEFDA}"
EndProject
Global
	GlobalSection(SolutionConfigurationPlatforms) = preSolution
		Debug|Any CPU = Debug|Any CPU
		Release|Any CPU = Release|Any CPU
	EndGlobalSection
	GlobalSection(ProjectConfigurationPlatforms) = postSolution
		{C7A2EC6F-69D8-4289-8F83-CFE5ED4BEFDA}.Debug|Any CPU.ActiveCfg = Debug|Any CPU
		{C7A2EC6F-69D8-4289-8F83-CFE5ED4BEFDA}.Debug|Any CPU.Build.0 = Debug|Any CPU
		{C7A2EC6F-69D8-4289-8F83-CFE5ED4BEFDA}.Release|Any CPU.ActiveCfg = Release|Any CPU
		{C7A2EC6F-69D8-4289-8F83-CFE5ED4BEFDA}.Release|Any CPU.Build.0 = Release|Any CPU
	EndGlobalSection
	GlobalSection(SolutionProperties) = preSolution
		HideSolutionNode = FALSE
	EndGlobalSection
	GlobalSection(ExtensibilityGlobals) = postSolution
		SolutionGuid = {3B735975-5C4B-40FF-856D-951E4612A55C}
	EndGlobalSection
EndGlobal
